
Microsoft Visual Studio Solution File, Format Version 12.00
# Visual Studio Version 16
VisualStudioVersion = 16.0.31005.135
MinimumVisualStudioVersion = 10.0.40219.1
Project("{FAE04EC0-301F-11D3-BF4B-00C04F79EFBC}") = "ChessClassLibrary", "chess-class-lib\ChessClassLibrary\ChessClassLibrary.csproj", "{0CC423B1-87C6-4A1A-846C-CDDC1167DEB0}"
EndProject
Global
	GlobalSection(SolutionConfigurationPlatforms) = preSolution
		Debug|Any CPU = Debug|Any CPU
		Release|Any CPU = Release|Any CPU
	EndGlobalSection
	GlobalSection(ProjectConfigurationPlatforms) = postSolution
		{0CC423B1-87C6-4A1A-846C-CDDC1167DEB0}.Debug|Any CPU.ActiveCfg = Debug|Any CPU
		{0CC423B1-87C6-4A1A-846C-CDDC1167DEB0}.Debug|Any CPU.Build.0 = Debug|Any CPU
		{0CC423B1-87C6-4A1A-846C-CDDC1167DEB0}.Release|Any CPU.ActiveCfg = Release|Any CPU
		{0CC423B1-87C6-4A1A-846C-CDDC1167DEB0}.Release|Any CPU.Build.0 = Release|Any CPU
	EndGlobalSection
	GlobalSection(SolutionProperties) = preSolution
		HideSolutionNode = FALSE
	EndGlobalSection
	GlobalSection(ExtensibilityGlobals) = postSolution
		SolutionGuid = {70FF0F18-82C4-4D85-9485-AF4AAA4DF68E}
	EndGlobalSection
EndGlobal
